
Microsoft Visual Studio Solution File, Format Version 12.00
# Visual Studio 15
VisualStudioVersion = 15.0.28307.1758
MinimumVisualStudioVersion = 10.0.40219.1
Project("{FAE04EC0-301F-11D3-BF4B-00C04F79EFBC}") = "Class20220114", "Class20220114\Class20220114.csproj", "{3988C997-B03B-44FD-A46A-0E5A6202CF8D}"
EndProject
Project("{FAE04EC0-301F-11D3-BF4B-00C04F79EFBC}") = "错误", "..\..\错误\错误\错误.csproj", "{7760D284-2437-4DDB-981F-86AE59A7E3C2}"
EndProject
Global
	GlobalSection(SolutionConfigurationPlatforms) = preSolution
		Debug|Any CPU = Debug|Any CPU
		Release|Any CPU = Release|Any CPU
	EndGlobalSection
	GlobalSection(ProjectConfigurationPlatforms) = postSolution
		{3988C997-B03B-44FD-A46A-0E5A6202CF8D}.Debug|Any CPU.ActiveCfg = Debug|Any CPU
		{3988C997-B03B-44FD-A46A-0E5A6202CF8D}.Debug|Any CPU.Build.0 = Debug|Any CPU
		{3988C997-B03B-44FD-A46A-0E5A6202CF8D}.Release|Any CPU.ActiveCfg = Release|Any CPU
		{3988C997-B03B-44FD-A46A-0E5A6202CF8D}.Release|Any CPU.Build.0 = Release|Any CPU
		{7760D284-2437-4DDB-981F-86AE59A7E3C2}.Debug|Any CPU.ActiveCfg = Debug|Any CPU
		{7760D284-2437-4DDB-981F-86AE59A7E3C2}.Debug|Any CPU.Build.0 = Debug|Any CPU
		{7760D284-2437-4DDB-981F-86AE59A7E3C2}.Release|Any CPU.ActiveCfg = Release|Any CPU
		{7760D284-2437-4DDB-981F-86AE59A7E3C2}.Release|Any CPU.Build.0 = Release|Any CPU
	EndGlobalSection
	GlobalSection(SolutionProperties) = preSolution
		HideSolutionNode = FALSE
	EndGlobalSection
	GlobalSection(ExtensibilityGlobals) = postSolution
		SolutionGuid = {6366339B-0CD5-4245-892A-E46AE3EFA16F}
	EndGlobalSection
EndGlobal
