
Microsoft Visual Studio Solution File, Format Version 12.00
# Visual Studio 15
VisualStudioVersion = 15.0.28307.1758
MinimumVisualStudioVersion = 10.0.40219.1
Project("{FAE04EC0-301F-11D3-BF4B-00C04F79EFBC}") = "Class20220110", "Class20220110\Class20220110.csproj", "{D6869656-89D8-4A89-8F2E-70239DBAD70A}"
EndProject
Global
	GlobalSection(SolutionConfigurationPlatforms) = preSolution
		Debug|Any CPU = Debug|Any CPU
		Release|Any CPU = Release|Any CPU
	EndGlobalSection
	GlobalSection(ProjectConfigurationPlatforms) = postSolution
		{D6869656-89D8-4A89-8F2E-70239DBAD70A}.Debug|Any CPU.ActiveCfg = Debug|Any CPU
		{D6869656-89D8-4A89-8F2E-70239DBAD70A}.Debug|Any CPU.Build.0 = Debug|Any CPU
		{D6869656-89D8-4A89-8F2E-70239DBAD70A}.Release|Any CPU.ActiveCfg = Release|Any CPU
		{D6869656-89D8-4A89-8F2E-70239DBAD70A}.Release|Any CPU.Build.0 = Release|Any CPU
	EndGlobalSection
	GlobalSection(SolutionProperties) = preSolution
		HideSolutionNode = FALSE
	EndGlobalSection
	GlobalSection(ExtensibilityGlobals) = postSolution
		SolutionGuid = {73CBE94C-3D2C-4E59-B031-1AB9B878DE31}
	EndGlobalSection
EndGlobal
